
Microsoft Visual Studio Solution File, Format Version 12.00
Project("{FAE04EC0-301F-11D3-BF4B-00C04F79EFBC}") = "MtGoxColdWalletMonitor", "MtGoxColdWalletMonitor\MtGoxColdWalletMonitor.csproj", "{E53DD344-20D0-4614-93BE-2757BCD04ED4}"
EndProject
Project("{FAE04EC0-301F-11D3-BF4B-00C04F79EFBC}") = "BlockchainProxyApi", "BlockchainProxyApi\BlockchainProxyApi.csproj", "{38693BB2-46CA-4D14-8899-29FB8E2D7521}"
EndProject
Global
	GlobalSection(SolutionConfigurationPlatforms) = preSolution
		Debug|Any CPU = Debug|Any CPU
		Release|Any CPU = Release|Any CPU
	EndGlobalSection
	GlobalSection(ProjectConfigurationPlatforms) = postSolution
		{E53DD344-20D0-4614-93BE-2757BCD04ED4}.Debug|Any CPU.ActiveCfg = Debug|Any CPU
		{E53DD344-20D0-4614-93BE-2757BCD04ED4}.Debug|Any CPU.Build.0 = Debug|Any CPU
		{E53DD344-20D0-4614-93BE-2757BCD04ED4}.Release|Any CPU.ActiveCfg = Release|Any CPU
		{E53DD344-20D0-4614-93BE-2757BCD04ED4}.Release|Any CPU.Build.0 = Release|Any CPU
		{38693BB2-46CA-4D14-8899-29FB8E2D7521}.Debug|Any CPU.ActiveCfg = Debug|Any CPU
		{38693BB2-46CA-4D14-8899-29FB8E2D7521}.Debug|Any CPU.Build.0 = Debug|Any CPU
		{38693BB2-46CA-4D14-8899-29FB8E2D7521}.Release|Any CPU.ActiveCfg = Release|Any CPU
		{38693BB2-46CA-4D14-8899-29FB8E2D7521}.Release|Any CPU.Build.0 = Release|Any CPU
	EndGlobalSection
EndGlobal
